PODS:
  - Alamofire (5.5.0)
  - Kingfisher (7.11.0)
  - RxCocoa (6.6.0):
    - RxRelay (= 6.6.0)
    - RxSwift (= 6.6.0)
  - RxRelay (6.6.0):
    - RxSwift (= 6.6.0)
  - RxSwift (6.6.0)

DEPENDENCIES:
  - Alamofire
  - Kingfisher (~> 7.0)
  - RxCocoa (= 6.6.0)
  - RxSwift (= 6.6.0)

SPEC REPOS:
  trunk:
    - Alamofire
    - Kingfisher
    - RxCocoa
    - RxRelay
    - RxSwift

SPEC CHECKSUMS:
  Alamofire: 1c4fb5369c3fe93d2857c780d8bbe09f06f97e7c
  Kingfisher: b9c985d864d43515f404f1ef4a8ce7d802ace3ac
  RxCocoa: 44a80de90e25b739b5aeaae3c8c371a32e3343cc
  RxRelay: 45eaa5db8ee4fb50e5ebd57deec0159e97fa51e6
  RxSwift: a4b44f7d24599f674deebd1818eab82e58410632

PODFILE CHECKSUM: 9b2fff4a3f3dcdb259a022729f61b5845aaf681a

COCOAPODS: 1.11.2
