// !$*UTF8*$!
{
	archiveVersion = 1;
	classes = {
	};
	objectVersion = 56;
	objects = {

/* Begin PBXBuildFile section */
		B621437F2B49E2F50089721D /* APIRequest.swift in Sources */ = {isa = PBXBuildFile; fileRef = B621437E2B49E2F50089721D /* APIRequest.swift */; };
		B62143812B49E3330089721D /* APIClient.swift in Sources */ = {isa = PBXBuildFile; fileRef = B62143802B49E3330089721D /* APIClient.swift */; };
		B62143842B49FBB40089721D /* GameDetailsRoute.swift in Sources */ = {isa = PBXBuildFile; fileRef = B62143832B49FBB40089721D /* GameDetailsRoute.swift */; };
		B62143862B4A04BF0089721D /* Game.swift in Sources */ = {isa = PBXBuildFile; fileRef = B62143852B4A04BF0089721D /* Game.swift */; };
		B62143892B4A066C0089721D /* SearchScreenDataProvider.swift in Sources */ = {isa = PBXBuildFile; fileRef = B62143882B4A066C0089721D /* SearchScreenDataProvider.swift */; };
		B621438B2B4B63290089721D /* Decodable+Extension.swift in Sources */ = {isa = PBXBuildFile; fileRef = B621438A2B4B63290089721D /* Decodable+Extension.swift */; };
		B624B5AA2B52E89600DE3F9C /* ConfigAPI.plist in Resources */ = {isa = PBXBuildFile; fileRef = B624B5A92B52E89600DE3F9C /* ConfigAPI.plist */; };
		B63250142B700DDE00FE9E8A /* AddSearchScreenViewController.swift in Sources */ = {isa = PBXBuildFile; fileRef = B63250132B700DDE00FE9E8A /* AddSearchScreenViewController.swift */; };
		B63250162B700E1F00FE9E8A /* AddSearchScreenViewModel.swift in Sources */ = {isa = PBXBuildFile; fileRef = B63250152B700E1F00FE9E8A /* AddSearchScreenViewModel.swift */; };
		B63250182B700F9900FE9E8A /* AddSearchScreenDataProvider.swift in Sources */ = {isa = PBXBuildFile; fileRef = B63250172B700F9900FE9E8A /* AddSearchScreenDataProvider.swift */; };
		B632501E2B71637700FE9E8A /* GameCardView.swift in Sources */ = {isa = PBXBuildFile; fileRef = B632501D2B71637700FE9E8A /* GameCardView.swift */; };
		B66FA14D2B719CE800FDA627 /* AddSearchResultViewCell.swift in Sources */ = {isa = PBXBuildFile; fileRef = B66FA14C2B719CE800FDA627 /* AddSearchResultViewCell.swift */; };
		B66FA1502B72703600FDA627 /* AddScreenViewController.swift in Sources */ = {isa = PBXBuildFile; fileRef = B66FA14F2B72703600FDA627 /* AddScreenViewController.swift */; };
		B66FA1522B72B89500FDA627 /* RatingView.swift in Sources */ = {isa = PBXBuildFile; fileRef = B66FA1512B72B89500FDA627 /* RatingView.swift */; };
		B66FA1542B72B8C600FDA627 /* DropDown.swift in Sources */ = {isa = PBXBuildFile; fileRef = B66FA1532B72B8C600FDA627 /* DropDown.swift */; };
		B6B037FB2B445E800042C2E6 /* BaseViewController.swift in Sources */ = {isa = PBXBuildFile; fileRef = B6B037FA2B445E800042C2E6 /* BaseViewController.swift */; };
		B6B037FE2B4463D30042C2E6 /* Color.swift in Sources */ = {isa = PBXBuildFile; fileRef = B6B037FD2B4463D30042C2E6 /* Color.swift */; };
		B6B038002B44648B0042C2E6 /* UIColor+Extension.swift in Sources */ = {isa = PBXBuildFile; fileRef = B6B037FF2B44648B0042C2E6 /* UIColor+Extension.swift */; };
		B6B038022B447F140042C2E6 /* CustomTabBarController.swift in Sources */ = {isa = PBXBuildFile; fileRef = B6B038012B447F140042C2E6 /* CustomTabBarController.swift */; };
		B6B372BC2B62934F00AEB155 /* UIView+Extension.swift in Sources */ = {isa = PBXBuildFile; fileRef = B6B372BB2B62934F00AEB155 /* UIView+Extension.swift */; };
		B6B372C02B646AA800AEB155 /* ErrorPopupViewController.swift in Sources */ = {isa = PBXBuildFile; fileRef = B6B372BF2B646AA500AEB155 /* ErrorPopupViewController.swift */; };
		B6B95AC22B40616C009110FB /* TabViewController.swift in Sources */ = {isa = PBXBuildFile; fileRef = B6B95AC12B40616C009110FB /* TabViewController.swift */; };
		B6D8A2212B45945C00C9DD4B /* SearchScreenViewController.swift in Sources */ = {isa = PBXBuildFile; fileRef = B6D8A2202B45945C00C9DD4B /* SearchScreenViewController.swift */; };
		B6D8A2242B45967E00C9DD4B /* SearchResultViewCell.swift in Sources */ = {isa = PBXBuildFile; fileRef = B6D8A2232B45967E00C9DD4B /* SearchResultViewCell.swift */; };
		B6D8A2282B4625EC00C9DD4B /* SearchScreenViewModel.swift in Sources */ = {isa = PBXBuildFile; fileRef = B6D8A2272B4625EC00C9DD4B /* SearchScreenViewModel.swift */; };
		B6F5C6FF2B31E15D00F58648 /* AppDelegate.swift in Sources */ = {isa = PBXBuildFile; fileRef = B6F5C6FE2B31E15D00F58648 /* AppDelegate.swift */; };
		B6F5C7012B31E15D00F58648 /* SceneDelegate.swift in Sources */ = {isa = PBXBuildFile; fileRef = B6F5C7002B31E15D00F58648 /* SceneDelegate.swift */; };
		B6F5C7032B31E15D00F58648 /* HomeViewController.swift in Sources */ = {isa = PBXBuildFile; fileRef = B6F5C7022B31E15D00F58648 /* HomeViewController.swift */; };
		B6F5C7092B31E15E00F58648 /* MyGameListV2.xcdatamodeld in Sources */ = {isa = PBXBuildFile; fileRef = B6F5C7072B31E15E00F58648 /* MyGameListV2.xcdatamodeld */; };
		B6F5C70B2B31E16E00F58648 /* Assets.xcassets in Resources */ = {isa = PBXBuildFile; fileRef = B6F5C70A2B31E16E00F58648 /* Assets.xcassets */; };
		B6F5C70E2B31E16E00F58648 /* LaunchScreen.storyboard in Resources */ = {isa = PBXBuildFile; fileRef = B6F5C70C2B31E16E00F58648 /* LaunchScreen.storyboard */; };
		B6F5C7192B31E16F00F58648 /* MyGameListV2Tests.swift in Sources */ = {isa = PBXBuildFile; fileRef = B6F5C7182B31E16F00F58648 /* MyGameListV2Tests.swift */; };
		B6F5C7232B31E16F00F58648 /* MyGameListV2UITests.swift in Sources */ = {isa = PBXBuildFile; fileRef = B6F5C7222B31E16F00F58648 /* MyGameListV2UITests.swift */; };
		B6F5C7252B31E16F00F58648 /* MyGameListV2UITestsLaunchTests.swift in Sources */ = {isa = PBXBuildFile; fileRef = B6F5C7242B31E16F00F58648 /* MyGameListV2UITestsLaunchTests.swift */; };
		C8AC1A096DCEB13FC291AD60 /* Pods_MyGameListV2.framework in Frameworks */ = {isa = PBXBuildFile; fileRef = 069C2C50A403B3CC7B2E97F2 /* Pods_MyGameListV2.framework */; };
		F54E3FD85C592DF9CD44B98E /* Pods_MyGameListV2_MyGameListV2UITests.framework in Frameworks */ = {isa = PBXBuildFile; fileRef = 2C0A324A1A8DFA3B2353D860 /* Pods_MyGameListV2_MyGameListV2UITests.framework */; };
		FD6636855B6AE0C2EEC0DEBE /* Pods_MyGameListV2Tests.framework in Frameworks */ = {isa = PBXBuildFile; fileRef = DD7F08354E7F27BB089BB3B3 /* Pods_MyGameListV2Tests.framework */; };
/* End PBXBuildFile section */

/* Begin PBXContainerItemProxy section */
		B6F5C7152B31E16F00F58648 /* PBXContainerItemProxy */ = {
			isa = PBXContainerItemProxy;
			containerPortal = B6F5C6F32B31E15D00F58648 /* Project object */;
			proxyType = 1;
			remoteGlobalIDString = B6F5C6FA2B31E15D00F58648;
			remoteInfo = MyGameListV2;
		};
		B6F5C71F2B31E16F00F58648 /* PBXContainerItemProxy */ = {
			isa = PBXContainerItemProxy;
			containerPortal = B6F5C6F32B31E15D00F58648 /* Project object */;
			proxyType = 1;
			remoteGlobalIDString = B6F5C6FA2B31E15D00F58648;
			remoteInfo = MyGameListV2;
		};
/* End PBXContainerItemProxy section */

/* Begin PBXFileReference section */
		069C2C50A403B3CC7B2E97F2 /* Pods_MyGameListV2.framework */ = {isa = PBXFileReference; explicitFileType = wrapper.framework; includeInIndex = 0; path = Pods_MyGameListV2.framework; sourceTree = BUILT_PRODUCTS_DIR; };
		2356755C39D5FD069FD95B79 /* Pods-MyGameListV2-MyGameListV2UITests.debug.xcconfig */ = {isa = PBXFileReference; includeInIndex = 1; lastKnownFileType = text.xcconfig; name = "Pods-MyGameListV2-MyGameListV2UITests.debug.xcconfig"; path = "Target Support Files/Pods-MyGameListV2-MyGameListV2UITests/Pods-MyGameListV2-MyGameListV2UITests.debug.xcconfig"; sourceTree = "<group>"; };
		2C0A324A1A8DFA3B2353D860 /* Pods_MyGameListV2_MyGameListV2UITests.framework */ = {isa = PBXFileReference; explicitFileType = wrapper.framework; includeInIndex = 0; path = Pods_MyGameListV2_MyGameListV2UITests.framework; sourceTree = BUILT_PRODUCTS_DIR; };
		60A61CD4486FA91099BAFCB5 /* Pods-MyGameListV2.debug.xcconfig */ = {isa = PBXFileReference; includeInIndex = 1; lastKnownFileType = text.xcconfig; name = "Pods-MyGameListV2.debug.xcconfig"; path = "Target Support Files/Pods-MyGameListV2/Pods-MyGameListV2.debug.xcconfig"; sourceTree = "<group>"; };
		7571B842919BAFA851746FE8 /* Pods-MyGameListV2Tests.debug.xcconfig */ = {isa = PBXFileReference; includeInIndex = 1; lastKnownFileType = text.xcconfig; name = "Pods-MyGameListV2Tests.debug.xcconfig"; path = "Target Support Files/Pods-MyGameListV2Tests/Pods-MyGameListV2Tests.debug.xcconfig"; sourceTree = "<group>"; };
		77571B592A2F78D1988D7648 /* Pods-MyGameListV2Tests.release.xcconfig */ = {isa = PBXFileReference; includeInIndex = 1; lastKnownFileType = text.xcconfig; name = "Pods-MyGameListV2Tests.release.xcconfig"; path = "Target Support Files/Pods-MyGameListV2Tests/Pods-MyGameListV2Tests.release.xcconfig"; sourceTree = "<group>"; };
		B621437E2B49E2F50089721D /* APIRequest.swift */ = {isa = PBXFileReference; lastKnownFileType = sourcecode.swift; path = APIRequest.swift; sourceTree = "<group>"; };
		B62143802B49E3330089721D /* APIClient.swift */ = {isa = PBXFileReference; lastKnownFileType = sourcecode.swift; path = APIClient.swift; sourceTree = "<group>"; };
		B62143832B49FBB40089721D /* GameDetailsRoute.swift */ = {isa = PBXFileReference; lastKnownFileType = sourcecode.swift; path = GameDetailsRoute.swift; sourceTree = "<group>"; };
		B62143852B4A04BF0089721D /* Game.swift */ = {isa = PBXFileReference; lastKnownFileType = sourcecode.swift; path = Game.swift; sourceTree = "<group>"; };
		B62143882B4A066C0089721D /* SearchScreenDataProvider.swift */ = {isa = PBXFileReference; lastKnownFileType = sourcecode.swift; path = SearchScreenDataProvider.swift; sourceTree = "<group>"; };
		B621438A2B4B63290089721D /* Decodable+Extension.swift */ = {isa = PBXFileReference; lastKnownFileType = sourcecode.swift; path = "Decodable+Extension.swift"; sourceTree = "<group>"; };
		B624B5A92B52E89600DE3F9C /* ConfigAPI.plist */ = {isa = PBXFileReference; lastKnownFileType = text.plist.xml; path = ConfigAPI.plist; sourceTree = "<group>"; };
		B63250132B700DDE00FE9E8A /* AddSearchScreenViewController.swift */ = {isa = PBXFileReference; lastKnownFileType = sourcecode.swift; path = AddSearchScreenViewController.swift; sourceTree = "<group>"; };
		B63250152B700E1F00FE9E8A /* AddSearchScreenViewModel.swift */ = {isa = PBXFileReference; lastKnownFileType = sourcecode.swift; path = AddSearchScreenViewModel.swift; sourceTree = "<group>"; };
		B63250172B700F9900FE9E8A /* AddSearchScreenDataProvider.swift */ = {isa = PBXFileReference; lastKnownFileType = sourcecode.swift; path = AddSearchScreenDataProvider.swift; sourceTree = "<group>"; };
		B632501D2B71637700FE9E8A /* GameCardView.swift */ = {isa = PBXFileReference; lastKnownFileType = sourcecode.swift; name = GameCardView.swift; path = MyGameListV2/View/GameCardView.swift; sourceTree = SOURCE_ROOT; };
		B66FA14C2B719CE800FDA627 /* AddSearchResultViewCell.swift */ = {isa = PBXFileReference; lastKnownFileType = sourcecode.swift; path = AddSearchResultViewCell.swift; sourceTree = "<group>"; };
		B66FA14F2B72703600FDA627 /* AddScreenViewController.swift */ = {isa = PBXFileReference; lastKnownFileType = sourcecode.swift; path = AddScreenViewController.swift; sourceTree = "<group>"; };
		B66FA1512B72B89500FDA627 /* RatingView.swift */ = {isa = PBXFileReference; lastKnownFileType = sourcecode.swift; path = RatingView.swift; sourceTree = "<group>"; };
		B66FA1532B72B8C600FDA627 /* DropDown.swift */ = {isa = PBXFileReference; lastKnownFileType = sourcecode.swift; path = DropDown.swift; sourceTree = "<group>"; };
		B6B037FA2B445E800042C2E6 /* BaseViewController.swift */ = {isa = PBXFileReference; lastKnownFileType = sourcecode.swift; path = BaseViewController.swift; sourceTree = "<group>"; };
		B6B037FD2B4463D30042C2E6 /* Color.swift */ = {isa = PBXFileReference; lastKnownFileType = sourcecode.swift; path = Color.swift; sourceTree = "<group>"; };
		B6B037FF2B44648B0042C2E6 /* UIColor+Extension.swift */ = {isa = PBXFileReference; lastKnownFileType = sourcecode.swift; path = "UIColor+Extension.swift"; sourceTree = "<group>"; };
		B6B038012B447F140042C2E6 /* CustomTabBarController.swift */ = {isa = PBXFileReference; lastKnownFileType = sourcecode.swift; path = CustomTabBarController.swift; sourceTree = "<group>"; };
		B6B372BB2B62934F00AEB155 /* UIView+Extension.swift */ = {isa = PBXFileReference; lastKnownFileType = sourcecode.swift; path = "UIView+Extension.swift"; sourceTree = "<group>"; };
		B6B372BF2B646AA500AEB155 /* ErrorPopupViewController.swift */ = {isa = PBXFileReference; lastKnownFileType = sourcecode.swift; path = ErrorPopupViewController.swift; sourceTree = "<group>"; };
		B6B95AC12B40616C009110FB /* TabViewController.swift */ = {isa = PBXFileReference; lastKnownFileType = sourcecode.swift; path = TabViewController.swift; sourceTree = "<group>"; };
		B6D8A2202B45945C00C9DD4B /* SearchScreenViewController.swift */ = {isa = PBXFileReference; lastKnownFileType = sourcecode.swift; path = SearchScreenViewController.swift; sourceTree = "<group>"; };
		B6D8A2232B45967E00C9DD4B /* SearchResultViewCell.swift */ = {isa = PBXFileReference; lastKnownFileType = sourcecode.swift; path = SearchResultViewCell.swift; sourceTree = "<group>"; };
		B6D8A2272B4625EC00C9DD4B /* SearchScreenViewModel.swift */ = {isa = PBXFileReference; lastKnownFileType = sourcecode.swift; path = SearchScreenViewModel.swift; sourceTree = "<group>"; };
		B6F5C6FB2B31E15D00F58648 /* MyGameListV2.app */ = {isa = PBXFileReference; explicitFileType = wrapper.application; includeInIndex = 0; path = MyGameListV2.app; sourceTree = BUILT_PRODUCTS_DIR; };
		B6F5C6FE2B31E15D00F58648 /* AppDelegate.swift */ = {isa = PBXFileReference; lastKnownFileType = sourcecode.swift; path = AppDelegate.swift; sourceTree = "<group>"; };
		B6F5C7002B31E15D00F58648 /* SceneDelegate.swift */ = {isa = PBXFileReference; lastKnownFileType = sourcecode.swift; path = SceneDelegate.swift; sourceTree = "<group>"; };
		B6F5C7022B31E15D00F58648 /* HomeViewController.swift */ = {isa = PBXFileReference; lastKnownFileType = sourcecode.swift; path = HomeViewController.swift; sourceTree = "<group>"; };
		B6F5C7082B31E15E00F58648 /* MyGameListV2.xcdatamodel */ = {isa = PBXFileReference; lastKnownFileType = wrapper.xcdatamodel; path = MyGameListV2.xcdatamodel; sourceTree = "<group>"; };
		B6F5C70A2B31E16E00F58648 /* Assets.xcassets */ = {isa = PBXFileReference; lastKnownFileType = folder.assetcatalog; path = Assets.xcassets; sourceTree = "<group>"; };
		B6F5C70D2B31E16E00F58648 /* Base */ = {isa = PBXFileReference; lastKnownFileType = file.storyboard; name = Base; path = Base.lproj/LaunchScreen.storyboard; sourceTree = "<group>"; };
		B6F5C70F2B31E16E00F58648 /* Info.plist */ = {isa = PBXFileReference; lastKnownFileType = text.plist.xml; path = Info.plist; sourceTree = "<group>"; };
		B6F5C7142B31E16F00F58648 /* MyGameListV2Tests.xctest */ = {isa = PBXFileReference; explicitFileType = wrapper.cfbundle; includeInIndex = 0; path = MyGameListV2Tests.xctest; sourceTree = BUILT_PRODUCTS_DIR; };
		B6F5C7182B31E16F00F58648 /* MyGameListV2Tests.swift */ = {isa = PBXFileReference; lastKnownFileType = sourcecode.swift; path = MyGameListV2Tests.swift; sourceTree = "<group>"; };
		B6F5C71E2B31E16F00F58648 /* MyGameListV2UITests.xctest */ = {isa = PBXFileReference; explicitFileType = wrapper.cfbundle; includeInIndex = 0; path = MyGameListV2UITests.xctest; sourceTree = BUILT_PRODUCTS_DIR; };
		B6F5C7222B31E16F00F58648 /* MyGameListV2UITests.swift */ = {isa = PBXFileReference; lastKnownFileType = sourcecode.swift; path = MyGameListV2UITests.swift; sourceTree = "<group>"; };
		B6F5C7242B31E16F00F58648 /* MyGameListV2UITestsLaunchTests.swift */ = {isa = PBXFileReference; lastKnownFileType = sourcecode.swift; path = MyGameListV2UITestsLaunchTests.swift; sourceTree = "<group>"; };
		D71E8AF9475CFCA1D1107593 /* Pods-MyGameListV2.release.xcconfig */ = {isa = PBXFileReference; includeInIndex = 1; lastKnownFileType = text.xcconfig; name = "Pods-MyGameListV2.release.xcconfig"; path = "Target Support Files/Pods-MyGameListV2/Pods-MyGameListV2.release.xcconfig"; sourceTree = "<group>"; };
		DD7F08354E7F27BB089BB3B3 /* Pods_MyGameListV2Tests.framework */ = {isa = PBXFileReference; explicitFileType = wrapper.framework; includeInIndex = 0; path = Pods_MyGameListV2Tests.framework; sourceTree = BUILT_PRODUCTS_DIR; };
		FCDA78F71E07E9B8B4869FAA /* Pods-MyGameListV2-MyGameListV2UITests.release.xcconfig */ = {isa = PBXFileReference; includeInIndex = 1; lastKnownFileType = text.xcconfig; name = "Pods-MyGameListV2-MyGameListV2UITests.release.xcconfig"; path = "Target Support Files/Pods-MyGameListV2-MyGameListV2UITests/Pods-MyGameListV2-MyGameListV2UITests.release.xcconfig"; sourceTree = "<group>"; };
/* End PBXFileReference section */

/* Begin PBXFrameworksBuildPhase section */
		B6F5C6F82B31E15D00F58648 /* Frameworks */ = {
			isa = PBXFrameworksBuildPhase;
			buildActionMask = 2147483647;
			files = (
				C8AC1A096DCEB13FC291AD60 /* Pods_MyGameListV2.framework in Frameworks */,
			);
			runOnlyForDeploymentPostprocessing = 0;
		};
		B6F5C7112B31E16F00F58648 /* Frameworks */ = {
			isa = PBXFrameworksBuildPhase;
			buildActionMask = 2147483647;
			files = (
				FD6636855B6AE0C2EEC0DEBE /* Pods_MyGameListV2Tests.framework in Frameworks */,
			);
			runOnlyForDeploymentPostprocessing = 0;
		};
		B6F5C71B2B31E16F00F58648 /* Frameworks */ = {
			isa = PBXFrameworksBuildPhase;
			buildActionMask = 2147483647;
			files = (
				F54E3FD85C592DF9CD44B98E /* Pods_MyGameListV2_MyGameListV2UITests.framework in Frameworks */,
			);
			runOnlyForDeploymentPostprocessing = 0;
		};
/* End PBXFrameworksBuildPhase section */

/* Begin PBXGroup section */
		01EA9621DBC3EB4D192597CD /* Frameworks */ = {
			isa = PBXGroup;
			children = (
				069C2C50A403B3CC7B2E97F2 /* Pods_MyGameListV2.framework */,
				2C0A324A1A8DFA3B2353D860 /* Pods_MyGameListV2_MyGameListV2UITests.framework */,
				DD7F08354E7F27BB089BB3B3 /* Pods_MyGameListV2Tests.framework */,
			);
			name = Frameworks;
			sourceTree = "<group>";
		};
		34D2B4E8BC689E09672EB736 /* Pods */ = {
			isa = PBXGroup;
			children = (
				60A61CD4486FA91099BAFCB5 /* Pods-MyGameListV2.debug.xcconfig */,
				D71E8AF9475CFCA1D1107593 /* Pods-MyGameListV2.release.xcconfig */,
				2356755C39D5FD069FD95B79 /* Pods-MyGameListV2-MyGameListV2UITests.debug.xcconfig */,
				FCDA78F71E07E9B8B4869FAA /* Pods-MyGameListV2-MyGameListV2UITests.release.xcconfig */,
				7571B842919BAFA851746FE8 /* Pods-MyGameListV2Tests.debug.xcconfig */,
				77571B592A2F78D1988D7648 /* Pods-MyGameListV2Tests.release.xcconfig */,
			);
			path = Pods;
			sourceTree = "<group>";
		};
		B62143822B49F92C0089721D /* Routes */ = {
			isa = PBXGroup;
			children = (
				B62143832B49FBB40089721D /* GameDetailsRoute.swift */,
			);
			path = Routes;
			sourceTree = "<group>";
		};
		B62143872B4A06550089721D /* DataProvider */ = {
			isa = PBXGroup;
			children = (
				B62143882B4A066C0089721D /* SearchScreenDataProvider.swift */,
				B63250172B700F9900FE9E8A /* AddSearchScreenDataProvider.swift */,
			);
			path = DataProvider;
			sourceTree = "<group>";
		};
		B63250122B700CEC00FE9E8A /* AddSearchScreen */ = {
			isa = PBXGroup;
			children = (
				B66FA14B2B719CCA00FDA627 /* Cell */,
				B63250132B700DDE00FE9E8A /* AddSearchScreenViewController.swift */,
				B63250152B700E1F00FE9E8A /* AddSearchScreenViewModel.swift */,
			);
			path = AddSearchScreen;
			sourceTree = "<group>";
		};
		B66FA14A2B71658700FDA627 /* View */ = {
			isa = PBXGroup;
			children = (
				B632501D2B71637700FE9E8A /* GameCardView.swift */,
				B66FA1512B72B89500FDA627 /* RatingView.swift */,
				B66FA1532B72B8C600FDA627 /* DropDown.swift */,
			);
			path = View;
			sourceTree = "<group>";
		};
		B66FA14B2B719CCA00FDA627 /* Cell */ = {
			isa = PBXGroup;
			children = (
				B66FA14C2B719CE800FDA627 /* AddSearchResultViewCell.swift */,
			);
			path = Cell;
			sourceTree = "<group>";
		};
		B66FA14E2B72700500FDA627 /* AddScreen */ = {
			isa = PBXGroup;
			children = (
				B66FA14F2B72703600FDA627 /* AddScreenViewController.swift */,
			);
			path = AddScreen;
			sourceTree = "<group>";
		};
		B672C51E2B3E020D00F1D87D /* SupportingFiles */ = {
			isa = PBXGroup;
			children = (
				B6F5C70F2B31E16E00F58648 /* Info.plist */,
				B6F5C6FE2B31E15D00F58648 /* AppDelegate.swift */,
				B6F5C7002B31E15D00F58648 /* SceneDelegate.swift */,
				B6F5C7072B31E15E00F58648 /* MyGameListV2.xcdatamodeld */,
				B672C51F2B3E025E00F1D87D /* Base */,
				B6F5C70A2B31E16E00F58648 /* Assets.xcassets */,
				B624B5A92B52E89600DE3F9C /* ConfigAPI.plist */,
			);
			path = SupportingFiles;
			sourceTree = "<group>";
		};
		B672C51F2B3E025E00F1D87D /* Base */ = {
			isa = PBXGroup;
			children = (
				B6F5C70C2B31E16E00F58648 /* LaunchScreen.storyboard */,
			);
			path = Base;
			sourceTree = "<group>";
		};
		B672C5202B3E0FB400F1D87D /* Extensions */ = {
			isa = PBXGroup;
			children = (
				B6B037FF2B44648B0042C2E6 /* UIColor+Extension.swift */,
				B621438A2B4B63290089721D /* Decodable+Extension.swift */,
				B6B372BB2B62934F00AEB155 /* UIView+Extension.swift */,
			);
			path = Extensions;
			sourceTree = "<group>";
		};
		B672C5212B3E0FE800F1D87D /* Model */ = {
			isa = PBXGroup;
			children = (
				B62143852B4A04BF0089721D /* Game.swift */,
			);
			path = Model;
			sourceTree = "<group>";
		};
		B672C5232B3E101800F1D87D /* Controller */ = {
			isa = PBXGroup;
			children = (
				B66FA14E2B72700500FDA627 /* AddScreen */,
				B63250122B700CEC00FE9E8A /* AddSearchScreen */,
				B6B037F92B445E480042C2E6 /* Base */,
				B6B038032B4486E60042C2E6 /* CustomControllers */,
				B672C5252B3E10D600F1D87D /* Home */,
				B6B372BE2B6469D500AEB155 /* PopupErrorController */,
				B6D8A21F2B45941E00C9DD4B /* SearchScreen */,
				B6B95AC02B406115009110FB /* TabBar */,
			);
			path = Controller;
			sourceTree = "<group>";
		};
		B672C5252B3E10D600F1D87D /* Home */ = {
			isa = PBXGroup;
			children = (
				B6F5C7022B31E15D00F58648 /* HomeViewController.swift */,
			);
			path = Home;
			sourceTree = "<group>";
		};
		B6ADCE082B491CF00011C8DC /* Networking */ = {
			isa = PBXGroup;
			children = (
				B62143822B49F92C0089721D /* Routes */,
				B621437E2B49E2F50089721D /* APIRequest.swift */,
				B62143802B49E3330089721D /* APIClient.swift */,
			);
			path = Networking;
			sourceTree = "<group>";
		};
		B6B037F92B445E480042C2E6 /* Base */ = {
			isa = PBXGroup;
			children = (
				B6B037FA2B445E800042C2E6 /* BaseViewController.swift */,
			);
			path = Base;
			sourceTree = "<group>";
		};
		B6B037FC2B4463730042C2E6 /* Utilities */ = {
			isa = PBXGroup;
			children = (
				B6B037FD2B4463D30042C2E6 /* Color.swift */,
			);
			path = Utilities;
			sourceTree = "<group>";
		};
		B6B038032B4486E60042C2E6 /* CustomControllers */ = {
			isa = PBXGroup;
			children = (
				B6B038012B447F140042C2E6 /* CustomTabBarController.swift */,
			);
			path = CustomControllers;
			sourceTree = "<group>";
		};
		B6B372BE2B6469D500AEB155 /* PopupErrorController */ = {
			isa = PBXGroup;
			children = (
				B6B372BF2B646AA500AEB155 /* ErrorPopupViewController.swift */,
			);
			path = PopupErrorController;
			sourceTree = "<group>";
		};
		B6B95AC02B406115009110FB /* TabBar */ = {
			isa = PBXGroup;
			children = (
				B6B95AC12B40616C009110FB /* TabViewController.swift */,
			);
			path = TabBar;
			sourceTree = "<group>";
		};
		B6D8A21F2B45941E00C9DD4B /* SearchScreen */ = {
			isa = PBXGroup;
			children = (
				B6D8A2222B45964500C9DD4B /* Cell */,
				B6D8A2202B45945C00C9DD4B /* SearchScreenViewController.swift */,
				B6D8A2272B4625EC00C9DD4B /* SearchScreenViewModel.swift */,
			);
			path = SearchScreen;
			sourceTree = "<group>";
		};
		B6D8A2222B45964500C9DD4B /* Cell */ = {
			isa = PBXGroup;
			children = (
				B6D8A2232B45967E00C9DD4B /* SearchResultViewCell.swift */,
			);
			path = Cell;
			sourceTree = "<group>";
		};
		B6F5C6F22B31E15D00F58648 = {
			isa = PBXGroup;
			children = (
				B6F5C6FD2B31E15D00F58648 /* MyGameListV2 */,
				B6F5C7172B31E16F00F58648 /* MyGameListV2Tests */,
				B6F5C7212B31E16F00F58648 /* MyGameListV2UITests */,
				B6F5C6FC2B31E15D00F58648 /* Products */,
				34D2B4E8BC689E09672EB736 /* Pods */,
				01EA9621DBC3EB4D192597CD /* Frameworks */,
			);
			sourceTree = "<group>";
		};
		B6F5C6FC2B31E15D00F58648 /* Products */ = {
			isa = PBXGroup;
			children = (
				B6F5C6FB2B31E15D00F58648 /* MyGameListV2.app */,
				B6F5C7142B31E16F00F58648 /* MyGameListV2Tests.xctest */,
				B6F5C71E2B31E16F00F58648 /* MyGameListV2UITests.xctest */,
			);
			name = Products;
			sourceTree = "<group>";
		};
		B6F5C6FD2B31E15D00F58648 /* MyGameListV2 */ = {
			isa = PBXGroup;
			children = (
				B62143872B4A06550089721D /* DataProvider */,
				B672C5212B3E0FE800F1D87D /* Model */,
				B66FA14A2B71658700FDA627 /* View */,
				B672C5232B3E101800F1D87D /* Controller */,
				B672C5202B3E0FB400F1D87D /* Extensions */,
				B6ADCE082B491CF00011C8DC /* Networking */,
				B672C51E2B3E020D00F1D87D /* SupportingFiles */,
				B6B037FC2B4463730042C2E6 /* Utilities */,
			);
			path = MyGameListV2;
			sourceTree = "<group>";
		};
		B6F5C7172B31E16F00F58648 /* MyGameListV2Tests */ = {
			isa = PBXGroup;
			children = (
				B6F5C7182B31E16F00F58648 /* MyGameListV2Tests.swift */,
			);
			path = MyGameListV2Tests;
			sourceTree = "<group>";
		};
		B6F5C7212B31E16F00F58648 /* MyGameListV2UITests */ = {
			isa = PBXGroup;
			children = (
				B6F5C7222B31E16F00F58648 /* MyGameListV2UITests.swift */,
				B6F5C7242B31E16F00F58648 /* MyGameListV2UITestsLaunchTests.swift */,
			);
			path = MyGameListV2UITests;
			sourceTree = "<group>";
		};
/* End PBXGroup section */

/* Begin PBXNativeTarget section */
		B6F5C6FA2B31E15D00F58648 /* MyGameListV2 */ = {
			isa = PBXNativeTarget;
			buildConfigurationList = B6F5C7282B31E16F00F58648 /* Build configuration list for PBXNativeTarget "MyGameListV2" */;
			buildPhases = (
				BAF0F793B42A30A3789F56C4 /* [CP] Check Pods Manifest.lock */,
				B6F5C6F72B31E15D00F58648 /* Sources */,
				B6F5C6F82B31E15D00F58648 /* Frameworks */,
				B6F5C6F92B31E15D00F58648 /* Resources */,
				E8B89D6ACF75FA58907DA1A9 /* [CP] Embed Pods Frameworks */,
			);
			buildRules = (
			);
			dependencies = (
			);
			name = MyGameListV2;
			productName = MyGameListV2;
			productReference = B6F5C6FB2B31E15D00F58648 /* MyGameListV2.app */;
			productType = "com.apple.product-type.application";
		};
		B6F5C7132B31E16F00F58648 /* MyGameListV2Tests */ = {
			isa = PBXNativeTarget;
			buildConfigurationList = B6F5C72B2B31E16F00F58648 /* Build configuration list for PBXNativeTarget "MyGameListV2Tests" */;
			buildPhases = (
				32A4CB98967A3199C7DEF38C /* [CP] Check Pods Manifest.lock */,
				B6F5C7102B31E16F00F58648 /* Sources */,
				B6F5C7112B31E16F00F58648 /* Frameworks */,
				B6F5C7122B31E16F00F58648 /* Resources */,
			);
			buildRules = (
			);
			dependencies = (
				B6F5C7162B31E16F00F58648 /* PBXTargetDependency */,
			);
			name = MyGameListV2Tests;
			productName = MyGameListV2Tests;
			productReference = B6F5C7142B31E16F00F58648 /* MyGameListV2Tests.xctest */;
			productType = "com.apple.product-type.bundle.unit-test";
		};
		B6F5C71D2B31E16F00F58648 /* MyGameListV2UITests */ = {
			isa = PBXNativeTarget;
			buildConfigurationList = B6F5C72E2B31E16F00F58648 /* Build configuration list for PBXNativeTarget "MyGameListV2UITests" */;
			buildPhases = (
				201A9742A73279288E5B4607 /* [CP] Check Pods Manifest.lock */,
				B6F5C71A2B31E16F00F58648 /* Sources */,
				B6F5C71B2B31E16F00F58648 /* Frameworks */,
				B6F5C71C2B31E16F00F58648 /* Resources */,
				1FD0293D39EBAA25B8DB94B4 /* [CP] Embed Pods Frameworks */,
			);
			buildRules = (
			);
			dependencies = (
				B6F5C7202B31E16F00F58648 /* PBXTargetDependency */,
			);
			name = MyGameListV2UITests;
			productName = MyGameListV2UITests;
			productReference = B6F5C71E2B31E16F00F58648 /* MyGameListV2UITests.xctest */;
			productType = "com.apple.product-type.bundle.ui-testing";
		};
/* End PBXNativeTarget section */

/* Begin PBXProject section */
		B6F5C6F32B31E15D00F58648 /* Project object */ = {
			isa = PBXProject;
			attributes = {
				BuildIndependentTargetsInParallel = 1;
				LastSwiftUpdateCheck = 1500;
				LastUpgradeCheck = 1500;
				TargetAttributes = {
					B6F5C6FA2B31E15D00F58648 = {
						CreatedOnToolsVersion = 15.0.1;
					};
					B6F5C7132B31E16F00F58648 = {
						CreatedOnToolsVersion = 15.0.1;
						TestTargetID = B6F5C6FA2B31E15D00F58648;
					};
					B6F5C71D2B31E16F00F58648 = {
						CreatedOnToolsVersion = 15.0.1;
						TestTargetID = B6F5C6FA2B31E15D00F58648;
					};
				};
			};
			buildConfigurationList = B6F5C6F62B31E15D00F58648 /* Build configuration list for PBXProject "MyGameListV2" */;
			compatibilityVersion = "Xcode 14.0";
			developmentRegion = en;
			hasScannedForEncodings = 0;
			knownRegions = (
				en,
				Base,
			);
			mainGroup = B6F5C6F22B31E15D00F58648;
			productRefGroup = B6F5C6FC2B31E15D00F58648 /* Products */;
			projectDirPath = "";
			projectRoot = "";
			targets = (
				B6F5C6FA2B31E15D00F58648 /* MyGameListV2 */,
				B6F5C7132B31E16F00F58648 /* MyGameListV2Tests */,
				B6F5C71D2B31E16F00F58648 /* MyGameListV2UITests */,
			);
		};
/* End PBXProject section */

/* Begin PBXResourcesBuildPhase section */
		B6F5C6F92B31E15D00F58648 /* Resources */ = {
			isa = PBXResourcesBuildPhase;
			buildActionMask = 2147483647;
			files = (
				B624B5AA2B52E89600DE3F9C /* ConfigAPI.plist in Resources */,
				B6F5C70E2B31E16E00F58648 /* LaunchScreen.storyboard in Resources */,
				B6F5C70B2B31E16E00F58648 /* Assets.xcassets in Resources */,
			);
			runOnlyForDeploymentPostprocessing = 0;
		};
		B6F5C7122B31E16F00F58648 /* Resources */ = {
			isa = PBXResourcesBuildPhase;
			buildActionMask = 2147483647;
			files = (
			);
			runOnlyForDeploymentPostprocessing = 0;
		};
		B6F5C71C2B31E16F00F58648 /* Resources */ = {
			isa = PBXResourcesBuildPhase;
			buildActionMask = 2147483647;
			files = (
			);
			runOnlyForDeploymentPostprocessing = 0;
		};
/* End PBXResourcesBuildPhase section */

/* Begin PBXShellScriptBuildPhase section */
		1FD0293D39EBAA25B8DB94B4 /* [CP] Embed Pods Frameworks */ = {
			isa = PBXShellScriptBuildPhase;
			buildActionMask = 2147483647;
			files = (
			);
			inputFileListPaths = (
				"${PODS_ROOT}/Target Support Files/Pods-MyGameListV2-MyGameListV2UITests/Pods-MyGameListV2-MyGameListV2UITests-frameworks-${CONFIGURATION}-input-files.xcfilelist",
			);
			name = "[CP] Embed Pods Frameworks";
			outputFileListPaths = (
				"${PODS_ROOT}/Target Support Files/Pods-MyGameListV2-MyGameListV2UITests/Pods-MyGameListV2-MyGameListV2UITests-frameworks-${CONFIGURATION}-output-files.xcfilelist",
			);
			runOnlyForDeploymentPostprocessing = 0;
			shellPath = /bin/sh;
			shellScript = "\"${PODS_ROOT}/Target Support Files/Pods-MyGameListV2-MyGameListV2UITests/Pods-MyGameListV2-MyGameListV2UITests-frameworks.sh\"\n";
			showEnvVarsInLog = 0;
		};
		201A9742A73279288E5B4607 /* [CP] Check Pods Manifest.lock */ = {
			isa = PBXShellScriptBuildPhase;
			buildActionMask = 2147483647;
			files = (
			);
			inputFileListPaths = (
			);
			inputPaths = (
				"${PODS_PODFILE_DIR_PATH}/Podfile.lock",
				"${PODS_ROOT}/Manifest.lock",
			);
			name = "[CP] Check Pods Manifest.lock";
			outputFileListPaths = (
			);
			outputPaths = (
				"$(DERIVED_FILE_DIR)/Pods-MyGameListV2-MyGameListV2UITests-checkManifestLockResult.txt",
			);
			runOnlyForDeploymentPostprocessing = 0;
			shellPath = /bin/sh;
			shellScript = "diff \"${PODS_PODFILE_DIR_PATH}/Podfile.lock\" \"${PODS_ROOT}/Manifest.lock\" > /dev/null\nif [ $? != 0 ] ; then\n    # print error to STDERR\n    echo \"error: The sandbox is not in sync with the Podfile.lock. Run 'pod install' or update your CocoaPods installation.\" >&2\n    exit 1\nfi\n# This output is used by Xcode 'outputs' to avoid re-running this script phase.\necho \"SUCCESS\" > \"${SCRIPT_OUTPUT_FILE_0}\"\n";
			showEnvVarsInLog = 0;
		};
		32A4CB98967A3199C7DEF38C /* [CP] Check Pods Manifest.lock */ = {
			isa = PBXShellScriptBuildPhase;
			buildActionMask = 2147483647;
			files = (
			);
			inputFileListPaths = (
			);
			inputPaths = (
				"${PODS_PODFILE_DIR_PATH}/Podfile.lock",
				"${PODS_ROOT}/Manifest.lock",
			);
			name = "[CP] Check Pods Manifest.lock";
			outputFileListPaths = (
			);
			outputPaths = (
				"$(DERIVED_FILE_DIR)/Pods-MyGameListV2Tests-checkManifestLockResult.txt",
			);
			runOnlyForDeploymentPostprocessing = 0;
			shellPath = /bin/sh;
			shellScript = "diff \"${PODS_PODFILE_DIR_PATH}/Podfile.lock\" \"${PODS_ROOT}/Manifest.lock\" > /dev/null\nif [ $? != 0 ] ; then\n    # print error to STDERR\n    echo \"error: The sandbox is not in sync with the Podfile.lock. Run 'pod install' or update your CocoaPods installation.\" >&2\n    exit 1\nfi\n# This output is used by Xcode 'outputs' to avoid re-running this script phase.\necho \"SUCCESS\" > \"${SCRIPT_OUTPUT_FILE_0}\"\n";
			showEnvVarsInLog = 0;
		};
		BAF0F793B42A30A3789F56C4 /* [CP] Check Pods Manifest.lock */ = {
			isa = PBXShellScriptBuildPhase;
			buildActionMask = 2147483647;
			files = (
			);
			inputFileListPaths = (
			);
			inputPaths = (
				"${PODS_PODFILE_DIR_PATH}/Podfile.lock",
				"${PODS_ROOT}/Manifest.lock",
			);
			name = "[CP] Check Pods Manifest.lock";
			outputFileListPaths = (
			);
			outputPaths = (
				"$(DERIVED_FILE_DIR)/Pods-MyGameListV2-checkManifestLockResult.txt",
			);
			runOnlyForDeploymentPostprocessing = 0;
			shellPath = /bin/sh;
			shellScript = "diff \"${PODS_PODFILE_DIR_PATH}/Podfile.lock\" \"${PODS_ROOT}/Manifest.lock\" > /dev/null\nif [ $? != 0 ] ; then\n    # print error to STDERR\n    echo \"error: The sandbox is not in sync with the Podfile.lock. Run 'pod install' or update your CocoaPods installation.\" >&2\n    exit 1\nfi\n# This output is used by Xcode 'outputs' to avoid re-running this script phase.\necho \"SUCCESS\" > \"${SCRIPT_OUTPUT_FILE_0}\"\n";
			showEnvVarsInLog = 0;
		};
		E8B89D6ACF75FA58907DA1A9 /* [CP] Embed Pods Frameworks */ = {
			isa = PBXShellScriptBuildPhase;
			buildActionMask = 2147483647;
			files = (
			);
			inputFileListPaths = (
				"${PODS_ROOT}/Target Support Files/Pods-MyGameListV2/Pods-MyGameListV2-frameworks-${CONFIGURATION}-input-files.xcfilelist",
			);
			name = "[CP] Embed Pods Frameworks";
			outputFileListPaths = (
				"${PODS_ROOT}/Target Support Files/Pods-MyGameListV2/Pods-MyGameListV2-frameworks-${CONFIGURATION}-output-files.xcfilelist",
			);
			runOnlyForDeploymentPostprocessing = 0;
			shellPath = /bin/sh;
			shellScript = "\"${PODS_ROOT}/Target Support Files/Pods-MyGameListV2/Pods-MyGameListV2-frameworks.sh\"\n";
			showEnvVarsInLog = 0;
		};
/* End PBXShellScriptBuildPhase section */

/* Begin PBXSourcesBuildPhase section */
		B6F5C6F72B31E15D00F58648 /* Sources */ = {
			isa = PBXSourcesBuildPhase;
			buildActionMask = 2147483647;
			files = (
				B6D8A2282B4625EC00C9DD4B /* SearchScreenViewModel.swift in Sources */,
				B66FA14D2B719CE800FDA627 /* AddSearchResultViewCell.swift in Sources */,
				B62143812B49E3330089721D /* APIClient.swift in Sources */,
				B66FA1522B72B89500FDA627 /* RatingView.swift in Sources */,
				B63250162B700E1F00FE9E8A /* AddSearchScreenViewModel.swift in Sources */,
				B63250142B700DDE00FE9E8A /* AddSearchScreenViewController.swift in Sources */,
				B632501E2B71637700FE9E8A /* GameCardView.swift in Sources */,
				B6B372BC2B62934F00AEB155 /* UIView+Extension.swift in Sources */,
				B6B038022B447F140042C2E6 /* CustomTabBarController.swift in Sources */,
				B621437F2B49E2F50089721D /* APIRequest.swift in Sources */,
				B62143892B4A066C0089721D /* SearchScreenDataProvider.swift in Sources */,
				B6D8A2242B45967E00C9DD4B /* SearchResultViewCell.swift in Sources */,
				B6F5C7032B31E15D00F58648 /* HomeViewController.swift in Sources */,
				B621438B2B4B63290089721D /* Decodable+Extension.swift in Sources */,
				B6D8A2212B45945C00C9DD4B /* SearchScreenViewController.swift in Sources */,
				B6B372C02B646AA800AEB155 /* ErrorPopupViewController.swift in Sources */,
				B62143842B49FBB40089721D /* GameDetailsRoute.swift in Sources */,
				B6F5C7092B31E15E00F58648 /* MyGameListV2.xcdatamodeld in Sources */,
				B6B037FE2B4463D30042C2E6 /* Color.swift in Sources */,
				B6F5C6FF2B31E15D00F58648 /* AppDelegate.swift in Sources */,
				B6B95AC22B40616C009110FB /* TabViewController.swift in Sources */,
				B63250182B700F9900FE9E8A /* AddSearchScreenDataProvider.swift in Sources */,
				B6F5C7012B31E15D00F58648 /* SceneDelegate.swift in Sources */,
				B6B037FB2B445E800042C2E6 /* BaseViewController.swift in Sources */,
				B6B038002B44648B0042C2E6 /* UIColor+Extension.swift in Sources */,
				B66FA1502B72703600FDA627 /* AddScreenViewController.swift in Sources */,
				B66FA1542B72B8C600FDA627 /* DropDown.swift in Sources */,
				B62143862B4A04BF0089721D /* Game.swift in Sources */,
			);
			runOnlyForDeploymentPostprocessing = 0;
		};
		B6F5C7102B31E16F00F58648 /* Sources */ = {
			isa = PBXSourcesBuildPhase;
			buildActionMask = 2147483647;
			files = (
				B6F5C7192B31E16F00F58648 /* MyGameListV2Tests.swift in Sources */,
			);
			runOnlyForDeploymentPostprocessing = 0;
		};
		B6F5C71A2B31E16F00F58648 /* Sources */ = {
			isa = PBXSourcesBuildPhase;
			buildActionMask = 2147483647;
			files = (
				B6F5C7252B31E16F00F58648 /* MyGameListV2UITestsLaunchTests.swift in Sources */,
				B6F5C7232B31E16F00F58648 /* MyGameListV2UITests.swift in Sources */,
			);
			runOnlyForDeploymentPostprocessing = 0;
		};
/* End PBXSourcesBuildPhase section */

/* Begin PBXTargetDependency section */
		B6F5C7162B31E16F00F58648 /* PBXTargetDependency */ = {
			isa = PBXTargetDependency;
			target = B6F5C6FA2B31E15D00F58648 /* MyGameListV2 */;
			targetProxy = B6F5C7152B31E16F00F58648 /* PBXContainerItemProxy */;
		};
		B6F5C7202B31E16F00F58648 /* PBXTargetDependency */ = {
			isa = PBXTargetDependency;
			target = B6F5C6FA2B31E15D00F58648 /* MyGameListV2 */;
			targetProxy = B6F5C71F2B31E16F00F58648 /* PBXContainerItemProxy */;
		};
/* End PBXTargetDependency section */

/* Begin PBXVariantGroup section */
		B6F5C70C2B31E16E00F58648 /* LaunchScreen.storyboard */ = {
			isa = PBXVariantGroup;
			children = (
				B6F5C70D2B31E16E00F58648 /* Base */,
			);
			name = LaunchScreen.storyboard;
			sourceTree = "<group>";
		};
/* End PBXVariantGroup section */

/* Begin XCBuildConfiguration section */
		B6F5C7262B31E16F00F58648 /* Debug */ = {
			isa = XCBuildConfiguration;
			buildSettings = {
				ALWAYS_SEARCH_USER_PATHS = NO;
				ASSETCATALOG_COMPILER_GENERATE_SWIFT_ASSET_SYMBOL_EXTENSIONS = YES;
				CLANG_ANALYZER_NONNULL = YES;
				CLANG_ANALYZER_NUMBER_OBJECT_CONVERSION = YES_AGGRESSIVE;
				CLANG_CXX_LANGUAGE_STANDARD = "gnu++20";
				CLANG_ENABLE_MODULES = YES;
				CLANG_ENABLE_OBJC_ARC = YES;
				CLANG_ENABLE_OBJC_WEAK = YES;
				CLANG_WARN_BLOCK_CAPTURE_AUTORELEASING = YES;
				CLANG_WARN_BOOL_CONVERSION = YES;
				CLANG_WARN_COMMA = YES;
				CLANG_WARN_CONSTANT_CONVERSION = YES;
				CLANG_WARN_DEPRECATED_OBJC_IMPLEMENTATIONS = YES;
				CLANG_WARN_DIRECT_OBJC_ISA_USAGE = YES_ERROR;
				CLANG_WARN_DOCUMENTATION_COMMENTS = YES;
				CLANG_WARN_EMPTY_BODY = YES;
				CLANG_WARN_ENUM_CONVERSION = YES;
				CLANG_WARN_INFINITE_RECURSION = YES;
				CLANG_WARN_INT_CONVERSION = YES;
				CLANG_WARN_NON_LITERAL_NULL_CONVERSION = YES;
				CLANG_WARN_OBJC_IMPLICIT_RETAIN_SELF = YES;
				CLANG_WARN_OBJC_LITERAL_CONVERSION = YES;
				CLANG_WARN_OBJC_ROOT_CLASS = YES_ERROR;
				CLANG_WARN_QUOTED_INCLUDE_IN_FRAMEWORK_HEADER = YES;
				CLANG_WARN_RANGE_LOOP_ANALYSIS = YES;
				CLANG_WARN_STRICT_PROTOTYPES = YES;
				CLANG_WARN_SUSPICIOUS_MOVE = YES;
				CLANG_WARN_UNGUARDED_AVAILABILITY = YES_AGGRESSIVE;
				CLANG_WARN_UNREACHABLE_CODE = YES;
				CLANG_WARN__DUPLICATE_METHOD_MATCH = YES;
				COPY_PHASE_STRIP = NO;
				DEBUG_INFORMATION_FORMAT = dwarf;
				ENABLE_STRICT_OBJC_MSGSEND = YES;
				ENABLE_TESTABILITY = YES;
				ENABLE_USER_SCRIPT_SANDBOXING = NO;
				GCC_C_LANGUAGE_STANDARD = gnu17;
				GCC_DYNAMIC_NO_PIC = NO;
				GCC_NO_COMMON_BLOCKS = YES;
				GCC_OPTIMIZATION_LEVEL = 0;
				GCC_PREPROCESSOR_DEFINITIONS = (
					"DEBUG=1",
					"$(inherited)",
				);
				GCC_WARN_64_TO_32_BIT_CONVERSION = YES;
				GCC_WARN_ABOUT_RETURN_TYPE = YES_ERROR;
				GCC_WARN_UNDECLARED_SELECTOR = YES;
				GCC_WARN_UNINITIALIZED_AUTOS = YES_AGGRESSIVE;
				GCC_WARN_UNUSED_FUNCTION = YES;
				GCC_WARN_UNUSED_VARIABLE = YES;
				INFOPLIST_FILE = MyGameListV2/SupportingFiles/Info.plist;
				IPHONEOS_DEPLOYMENT_TARGET = 15.0;
				LOCALIZATION_PREFERS_STRING_CATALOGS = YES;
				MTL_ENABLE_DEBUG_INFO = INCLUDE_SOURCE;
				MTL_FAST_MATH = YES;
				ONLY_ACTIVE_ARCH = YES;
				SDKROOT = iphoneos;
				SWIFT_ACTIVE_COMPILATION_CONDITIONS = "DEBUG $(inherited)";
				SWIFT_OPTIMIZATION_LEVEL = "-Onone";
			};
			name = Debug;
		};
		B6F5C7272B31E16F00F58648 /* Release */ = {
			isa = XCBuildConfiguration;
			buildSettings = {
				ALWAYS_SEARCH_USER_PATHS = NO;
				ASSETCATALOG_COMPILER_GENERATE_SWIFT_ASSET_SYMBOL_EXTENSIONS = YES;
				CLANG_ANALYZER_NONNULL = YES;
				CLANG_ANALYZER_NUMBER_OBJECT_CONVERSION = YES_AGGRESSIVE;
				CLANG_CXX_LANGUAGE_STANDARD = "gnu++20";
				CLANG_ENABLE_MODULES = YES;
				CLANG_ENABLE_OBJC_ARC = YES;
				CLANG_ENABLE_OBJC_WEAK = YES;
				CLANG_WARN_BLOCK_CAPTURE_AUTORELEASING = YES;
				CLANG_WARN_BOOL_CONVERSION = YES;
				CLANG_WARN_COMMA = YES;
				CLANG_WARN_CONSTANT_CONVERSION = YES;
				CLANG_WARN_DEPRECATED_OBJC_IMPLEMENTATIONS = YES;
				CLANG_WARN_DIRECT_OBJC_ISA_USAGE = YES_ERROR;
				CLANG_WARN_DOCUMENTATION_COMMENTS = YES;
				CLANG_WARN_EMPTY_BODY = YES;
				CLANG_WARN_ENUM_CONVERSION = YES;
				CLANG_WARN_INFINITE_RECURSION = YES;
				CLANG_WARN_INT_CONVERSION = YES;
				CLANG_WARN_NON_LITERAL_NULL_CONVERSION = YES;
				CLANG_WARN_OBJC_IMPLICIT_RETAIN_SELF = YES;
				CLANG_WARN_OBJC_LITERAL_CONVERSION = YES;
				CLANG_WARN_OBJC_ROOT_CLASS = YES_ERROR;
				CLANG_WARN_QUOTED_INCLUDE_IN_FRAMEWORK_HEADER = YES;
				CLANG_WARN_RANGE_LOOP_ANALYSIS = YES;
				CLANG_WARN_STRICT_PROTOTYPES = YES;
				CLANG_WARN_SUSPICIOUS_MOVE = YES;
				CLANG_WARN_UNGUARDED_AVAILABILITY = YES_AGGRESSIVE;
				CLANG_WARN_UNREACHABLE_CODE = YES;
				CLANG_WARN__DUPLICATE_METHOD_MATCH = YES;
				COPY_PHASE_STRIP = NO;
				DEBUG_INFORMATION_FORMAT = "dwarf-with-dsym";
				ENABLE_NS_ASSERTIONS = NO;
				ENABLE_STRICT_OBJC_MSGSEND = YES;
				ENABLE_USER_SCRIPT_SANDBOXING = NO;
				GCC_C_LANGUAGE_STANDARD = gnu17;
				GCC_NO_COMMON_BLOCKS = YES;
				GCC_WARN_64_TO_32_BIT_CONVERSION = YES;
				GCC_WARN_ABOUT_RETURN_TYPE = YES_ERROR;
				GCC_WARN_UNDECLARED_SELECTOR = YES;
				GCC_WARN_UNINITIALIZED_AUTOS = YES_AGGRESSIVE;
				GCC_WARN_UNUSED_FUNCTION = YES;
				GCC_WARN_UNUSED_VARIABLE = YES;
				INFOPLIST_FILE = MyGameListV2/SupportingFiles/Info.plist;
				IPHONEOS_DEPLOYMENT_TARGET = 15.0;
				LOCALIZATION_PREFERS_STRING_CATALOGS = YES;
				MTL_ENABLE_DEBUG_INFO = NO;
				MTL_FAST_MATH = YES;
				SDKROOT = iphoneos;
				SWIFT_COMPILATION_MODE = wholemodule;
				VALIDATE_PRODUCT = YES;
			};
			name = Release;
		};
		B6F5C7292B31E16F00F58648 /* Debug */ = {
			isa = XCBuildConfiguration;
			baseConfigurationReference = 60A61CD4486FA91099BAFCB5 /* Pods-MyGameListV2.debug.xcconfig */;
			buildSettings = {
				ASSETCATALOG_COMPILER_APPICON_NAME = AppIcon;
				ASSETCATALOG_COMPILER_GLOBAL_ACCENT_COLOR_NAME = AccentColor;
				CODE_SIGN_STYLE = Automatic;
				CURRENT_PROJECT_VERSION = 1;
				DEVELOPMENT_TEAM = 2FXPMLN8LH;
				GENERATE_INFOPLIST_FILE = YES;
				INFOPLIST_FILE = MyGameListV2/SupportingFiles/Info.plist;
				INFOPLIST_KEY_UIApplicationSupportsIndirectInputEvents = YES;
				INFOPLIST_KEY_UILaunchStoryboardName = LaunchScreen;
				INFOPLIST_KEY_UIStatusBarStyle = UIStatusBarStyleLightContent;
				INFOPLIST_KEY_UISupportedInterfaceOrientations = UIInterfaceOrientationPortrait;
				LD_RUNPATH_SEARCH_PATHS = (
					"$(inherited)",
					"@executable_path/Frameworks",
				);
				MARKETING_VERSION = 1.0;
				PRODUCT_BUNDLE_IDENTIFIER = com.projects.kelvinmachado.MyGameListV2;
				PRODUCT_NAME = "$(TARGET_NAME)";
				SWIFT_EMIT_LOC_STRINGS = YES;
				SWIFT_VERSION = 5.0;
				TARGETED_DEVICE_FAMILY = "1,2";
			};
			name = Debug;
		};
		B6F5C72A2B31E16F00F58648 /* Release */ = {
			isa = XCBuildConfiguration;
			baseConfigurationReference = D71E8AF9475CFCA1D1107593 /* Pods-MyGameListV2.release.xcconfig */;
			buildSettings = {
				ASSETCATALOG_COMPILER_APPICON_NAME = AppIcon;
				ASSETCATALOG_COMPILER_GLOBAL_ACCENT_COLOR_NAME = AccentColor;
				CODE_SIGN_STYLE = Automatic;
				CURRENT_PROJECT_VERSION = 1;
				DEVELOPMENT_TEAM = 2FXPMLN8LH;
				GENERATE_INFOPLIST_FILE = YES;
				INFOPLIST_FILE = MyGameListV2/SupportingFiles/Info.plist;
				INFOPLIST_KEY_UIApplicationSupportsIndirectInputEvents = YES;
				INFOPLIST_KEY_UILaunchStoryboardName = LaunchScreen;
				INFOPLIST_KEY_UIStatusBarStyle = UIStatusBarStyleLightContent;
				INFOPLIST_KEY_UISupportedInterfaceOrientations = UIInterfaceOrientationPortrait;
				LD_RUNPATH_SEARCH_PATHS = (
					"$(inherited)",
					"@executable_path/Frameworks",
				);
				MARKETING_VERSION = 1.0;
				PRODUCT_BUNDLE_IDENTIFIER = com.projects.kelvinmachado.MyGameListV2;
				PRODUCT_NAME = "$(TARGET_NAME)";
				SWIFT_EMIT_LOC_STRINGS = YES;
				SWIFT_VERSION = 5.0;
				TARGETED_DEVICE_FAMILY = "1,2";
			};
			name = Release;
		};
		B6F5C72C2B31E16F00F58648 /* Debug */ = {
			isa = XCBuildConfiguration;
			baseConfigurationReference = 7571B842919BAFA851746FE8 /* Pods-MyGameListV2Tests.debug.xcconfig */;
			buildSettings = {
				ALWAYS_EMBED_SWIFT_STANDARD_LIBRARIES = YES;
				BUNDLE_LOADER = "$(TEST_HOST)";
				CODE_SIGN_STYLE = Automatic;
				CURRENT_PROJECT_VERSION = 1;
				DEVELOPMENT_TEAM = 2FXPMLN8LH;
				GENERATE_INFOPLIST_FILE = YES;
				IPHONEOS_DEPLOYMENT_TARGET = 17.0;
				MARKETING_VERSION = 1.0;
				PRODUCT_BUNDLE_IDENTIFIER = com.projects.kelvinmachado.MyGameListV2Tests;
				PRODUCT_NAME = "$(TARGET_NAME)";
				SWIFT_EMIT_LOC_STRINGS = NO;
				SWIFT_VERSION = 5.0;
				TARGETED_DEVICE_FAMILY = "1,2";
				TEST_HOST = "$(BUILT_PRODUCTS_DIR)/MyGameListV2.app/$(BUNDLE_EXECUTABLE_FOLDER_PATH)/MyGameListV2";
			};
			name = Debug;
		};
		B6F5C72D2B31E16F00F58648 /* Release */ = {
			isa = XCBuildConfiguration;
			baseConfigurationReference = 77571B592A2F78D1988D7648 /* Pods-MyGameListV2Tests.release.xcconfig */;
			buildSettings = {
				ALWAYS_EMBED_SWIFT_STANDARD_LIBRARIES = YES;
				BUNDLE_LOADER = "$(TEST_HOST)";
				CODE_SIGN_STYLE = Automatic;
				CURRENT_PROJECT_VERSION = 1;
				DEVELOPMENT_TEAM = 2FXPMLN8LH;
				GENERATE_INFOPLIST_FILE = YES;
				IPHONEOS_DEPLOYMENT_TARGET = 17.0;
				MARKETING_VERSION = 1.0;
				PRODUCT_BUNDLE_IDENTIFIER = com.projects.kelvinmachado.MyGameListV2Tests;
				PRODUCT_NAME = "$(TARGET_NAME)";
				SWIFT_EMIT_LOC_STRINGS = NO;
				SWIFT_VERSION = 5.0;
				TARGETED_DEVICE_FAMILY = "1,2";
				TEST_HOST = "$(BUILT_PRODUCTS_DIR)/MyGameListV2.app/$(BUNDLE_EXECUTABLE_FOLDER_PATH)/MyGameListV2";
			};
			name = Release;
		};
		B6F5C72F2B31E16F00F58648 /* Debug */ = {
			isa = XCBuildConfiguration;
			baseConfigurationReference = 2356755C39D5FD069FD95B79 /* Pods-MyGameListV2-MyGameListV2UITests.debug.xcconfig */;
			buildSettings = {
				ALWAYS_EMBED_SWIFT_STANDARD_LIBRARIES = YES;
				CODE_SIGN_STYLE = Automatic;
				CURRENT_PROJECT_VERSION = 1;
				DEVELOPMENT_TEAM = 2FXPMLN8LH;
				GENERATE_INFOPLIST_FILE = YES;
				MARKETING_VERSION = 1.0;
				PRODUCT_BUNDLE_IDENTIFIER = com.projects.kelvinmachado.MyGameListV2UITests;
				PRODUCT_NAME = "$(TARGET_NAME)";
				SWIFT_EMIT_LOC_STRINGS = NO;
				SWIFT_VERSION = 5.0;
				TARGETED_DEVICE_FAMILY = "1,2";
				TEST_TARGET_NAME = MyGameListV2;
			};
			name = Debug;
		};
		B6F5C7302B31E16F00F58648 /* Release */ = {
			isa = XCBuildConfiguration;
			baseConfigurationReference = FCDA78F71E07E9B8B4869FAA /* Pods-MyGameListV2-MyGameListV2UITests.release.xcconfig */;
			buildSettings = {
				ALWAYS_EMBED_SWIFT_STANDARD_LIBRARIES = YES;
				CODE_SIGN_STYLE = Automatic;
				CURRENT_PROJECT_VERSION = 1;
				DEVELOPMENT_TEAM = 2FXPMLN8LH;
				GENERATE_INFOPLIST_FILE = YES;
				MARKETING_VERSION = 1.0;
				PRODUCT_BUNDLE_IDENTIFIER = com.projects.kelvinmachado.MyGameListV2UITests;
				PRODUCT_NAME = "$(TARGET_NAME)";
				SWIFT_EMIT_LOC_STRINGS = NO;
				SWIFT_VERSION = 5.0;
				TARGETED_DEVICE_FAMILY = "1,2";
				TEST_TARGET_NAME = MyGameListV2;
			};
			name = Release;
		};
/* End XCBuildConfiguration section */

/* Begin XCConfigurationList section */
		B6F5C6F62B31E15D00F58648 /* Build configuration list for PBXProject "MyGameListV2" */ = {
			isa = XCConfigurationList;
			buildConfigurations = (
				B6F5C7262B31E16F00F58648 /* Debug */,
				B6F5C7272B31E16F00F58648 /* Release */,
			);
			defaultConfigurationIsVisible = 0;
			defaultConfigurationName = Release;
		};
		B6F5C7282B31E16F00F58648 /* Build configuration list for PBXNativeTarget "MyGameListV2" */ = {
			isa = XCConfigurationList;
			buildConfigurations = (
				B6F5C7292B31E16F00F58648 /* Debug */,
				B6F5C72A2B31E16F00F58648 /* Release */,
			);
			defaultConfigurationIsVisible = 0;
			defaultConfigurationName = Release;
		};
		B6F5C72B2B31E16F00F58648 /* Build configuration list for PBXNativeTarget "MyGameListV2Tests" */ = {
			isa = XCConfigurationList;
			buildConfigurations = (
				B6F5C72C2B31E16F00F58648 /* Debug */,
				B6F5C72D2B31E16F00F58648 /* Release */,
			);
			defaultConfigurationIsVisible = 0;
			defaultConfigurationName = Release;
		};
		B6F5C72E2B31E16F00F58648 /* Build configuration list for PBXNativeTarget "MyGameListV2UITests" */ = {
			isa = XCConfigurationList;
			buildConfigurations = (
				B6F5C72F2B31E16F00F58648 /* Debug */,
				B6F5C7302B31E16F00F58648 /* Release */,
			);
			defaultConfigurationIsVisible = 0;
			defaultConfigurationName = Release;
		};
/* End XCConfigurationList section */

/* Begin XCVersionGroup section */
		B6F5C7072B31E15E00F58648 /* MyGameListV2.xcdatamodeld */ = {
			isa = XCVersionGroup;
			children = (
				B6F5C7082B31E15E00F58648 /* MyGameListV2.xcdatamodel */,
			);
			currentVersion = B6F5C7082B31E15E00F58648 /* MyGameListV2.xcdatamodel */;
			path = MyGameListV2.xcdatamodeld;
			sourceTree = "<group>";
			versionGroupType = wrapper.xcdatamodel;
		};
/* End XCVersionGroup section */
	};
	rootObject = B6F5C6F32B31E15D00F58648 /* Project object */;
}
